
Microsoft Visual Studio Solution File, Format Version 12.00
# Visual Studio Version 16
VisualStudioVersion = 16.0.29123.88
MinimumVisualStudioVersion = 10.0.40219.1
Project("{FAE04EC0-301F-11D3-BF4B-00C04F79EFBC}") = "LogService", "LogService\LogService.csproj", "{B1DE24A7-4568-430B-9D16-2373BF946D54}"
EndProject
Global
	GlobalSection(SolutionConfigurationPlatforms) = preSolution
		Debug|Any CPU = Debug|Any CPU
		Release|Any CPU = Release|Any CPU
	EndGlobalSection
	GlobalSection(ProjectConfigurationPlatforms) = postSolution
		{B1DE24A7-4568-430B-9D16-2373BF946D54}.Debug|Any CPU.ActiveCfg = Debug|Any CPU
		{B1DE24A7-4568-430B-9D16-2373BF946D54}.Debug|Any CPU.Build.0 = Debug|Any CPU
		{B1DE24A7-4568-430B-9D16-2373BF946D54}.Release|Any CPU.ActiveCfg = Release|Any CPU
		{B1DE24A7-4568-430B-9D16-2373BF946D54}.Release|Any CPU.Build.0 = Release|Any CPU
	EndGlobalSection
	GlobalSection(SolutionProperties) = preSolution
		HideSolutionNode = FALSE
	EndGlobalSection
	GlobalSection(ExtensibilityGlobals) = postSolution
		SolutionGuid = {3082282E-7439-41D8-8E1E-D7BC3090A54E}
	EndGlobalSection
EndGlobal
