
Microsoft Visual Studio Solution File, Format Version 12.00
# Visual Studio Version 16
VisualStudioVersion = 16.0.29123.88
MinimumVisualStudioVersion = 10.0.40219.1
Project("{FAE04EC0-301F-11D3-BF4B-00C04F79EFBC}") = "MQService", "MQService\MQService.csproj", "{A656BCE4-4A53-4BB5-8BBD-DFBA41A4D129}"
EndProject
Project("{FAE04EC0-301F-11D3-BF4B-00C04F79EFBC}") = "MQService.Exe", "MQService.Exe\MQService.Exe.csproj", "{0AD1939B-7752-4808-836F-B32B10DCA3A2}"
EndProject
Global
	GlobalSection(SolutionConfigurationPlatforms) = preSolution
		Debug|Any CPU = Debug|Any CPU
		Release|Any CPU = Release|Any CPU
	EndGlobalSection
	GlobalSection(ProjectConfigurationPlatforms) = postSolution
		{A656BCE4-4A53-4BB5-8BBD-DFBA41A4D129}.Debug|Any CPU.ActiveCfg = Debug|Any CPU
		{A656BCE4-4A53-4BB5-8BBD-DFBA41A4D129}.Debug|Any CPU.Build.0 = Debug|Any CPU
		{A656BCE4-4A53-4BB5-8BBD-DFBA41A4D129}.Release|Any CPU.ActiveCfg = Release|Any CPU
		{A656BCE4-4A53-4BB5-8BBD-DFBA41A4D129}.Release|Any CPU.Build.0 = Release|Any CPU
		{0AD1939B-7752-4808-836F-B32B10DCA3A2}.Debug|Any CPU.ActiveCfg = Debug|Any CPU
		{0AD1939B-7752-4808-836F-B32B10DCA3A2}.Debug|Any CPU.Build.0 = Debug|Any CPU
		{0AD1939B-7752-4808-836F-B32B10DCA3A2}.Release|Any CPU.ActiveCfg = Release|Any CPU
		{0AD1939B-7752-4808-836F-B32B10DCA3A2}.Release|Any CPU.Build.0 = Release|Any CPU
	EndGlobalSection
	GlobalSection(SolutionProperties) = preSolution
		HideSolutionNode = FALSE
	EndGlobalSection
	GlobalSection(ExtensibilityGlobals) = postSolution
		SolutionGuid = {F0A5EB1F-0629-4231-9186-214EF5D978CE}
	EndGlobalSection
EndGlobal
